{
	"name": "@vonage/auth",
	"version": "3.0.0-beta.0",
	"lockfileVersion": 2,
	"requires": true,
	"packages": {
		"": {
			"name": "@vonage/auth",
			"version": "3.0.0-beta.0",
			"license": "ISC",
			"dependencies": {
				"crypto": "^1.0.1",
				"querystring": "^0.2.1"
			},
			"devDependencies": {
				"typescript": "^4.3.5"
			}
		},
		"node_modules/crypto": {
			"version": "1.0.1",
			"resolved": "https://registry.npmjs.org/crypto/-/crypto-1.0.1.tgz",
			"integrity": "sha512-VxBKmeNcqQdiUQUW2Tzq0t377b54N2bMtXO/qiLa+6eRRmmC4qT3D4OnTGoT/U6O9aklQ/jTwbOtRMTTY8G0Ig==",
			"deprecated": "This package is no longer supported. It's now a built-in Node module. If you've depended on crypto, you should switch to the one that's built-in."
		},
		"node_modules/querystring": {
			"version": "0.2.1",
			"resolved": "https://registry.npmjs.org/querystring/-/querystring-0.2.1.tgz",
			"integrity": "sha512-wkvS7mL/JMugcup3/rMitHmd9ecIGd2lhFhK9N3UUQ450h66d1r3Y9nvXzQAW1Lq+wyx61k/1pfKS5KuKiyEbg==",
			"deprecated": "The querystring API is considered Legacy. new code should use the URLSearchParams API instead.",
			"engines": {
				"node": ">=0.4.x"
			}
		},
		"node_modules/typescript": {
			"version": "4.3.5",
			"resolved": "https://registry.npmjs.org/typescript/-/typescript-4.3.5.tgz",
			"integrity": "sha512-DqQgihaQ9cUrskJo9kIyW/+g0Vxsk8cDtZ52a3NGh0YNTfpUSArXSohyUGnvbPazEPLu398C0UxmKSOrPumUzA==",
			"dev": true,
			"bin": {
				"tsc": "bin/tsc",
				"tsserver": "bin/tsserver"
			},
			"engines": {
				"node": ">=4.2.0"
			}
		}
	},
	"dependencies": {
		"crypto": {
			"version": "1.0.1",
			"resolved": "https://registry.npmjs.org/crypto/-/crypto-1.0.1.tgz",
			"integrity": "sha512-VxBKmeNcqQdiUQUW2Tzq0t377b54N2bMtXO/qiLa+6eRRmmC4qT3D4OnTGoT/U6O9aklQ/jTwbOtRMTTY8G0Ig=="
		},
		"querystring": {
			"version": "0.2.1",
			"resolved": "https://registry.npmjs.org/querystring/-/querystring-0.2.1.tgz",
			"integrity": "sha512-wkvS7mL/JMugcup3/rMitHmd9ecIGd2lhFhK9N3UUQ450h66d1r3Y9nvXzQAW1Lq+wyx61k/1pfKS5KuKiyEbg=="
		},
		"typescript": {
			"version": "4.3.5",
			"resolved": "https://registry.npmjs.org/typescript/-/typescript-4.3.5.tgz",
			"integrity": "sha512-DqQgihaQ9cUrskJo9kIyW/+g0Vxsk8cDtZ52a3NGh0YNTfpUSArXSohyUGnvbPazEPLu398C0UxmKSOrPumUzA==",
			"dev": true
		}
	}
}
