{
	"name": "@vonage/numbers",
	"version": "3.0.0-beta.3",
	"lockfileVersion": 2,
	"requires": true,
	"packages": {
		"": {
			"name": "@vonage/numbers",
			"version": "3.0.1-beta.0",
			"license": "ISC",
			"devDependencies": {
				"typescript": "^4.3.5"
			}
		},
		"../auth": {
			"name": "@vonage/auth",
			"version": "3.0.1-beta.0",
			"extraneous": true,
			"license": "ISC",
			"devDependencies": {
				"typescript": "^4.3.5"
			}
		},
		"../vetch": {
			"name": "@vonage/vetch",
			"version": "3.0.1-beta.0",
			"extraneous": true,
			"license": "Apache-2.0",
			"dependencies": {
				"lodash.merge": "^4.6.2",
				"node-fetch": "^2.6.1"
			},
			"devDependencies": {
				"@types/lodash": "^4.14.172",
				"@types/node-fetch": "^2.5.12",
				"typescript": "^4.3.5"
			}
		},
		"node_modules/typescript": {
			"version": "4.3.5",
			"resolved": "https://registry.npmjs.org/typescript/-/typescript-4.3.5.tgz",
			"integrity": "sha512-DqQgihaQ9cUrskJo9kIyW/+g0Vxsk8cDtZ52a3NGh0YNTfpUSArXSohyUGnvbPazEPLu398C0UxmKSOrPumUzA==",
			"dev": true,
			"bin": {
				"tsc": "bin/tsc",
				"tsserver": "bin/tsserver"
			},
			"engines": {
				"node": ">=4.2.0"
			}
		}
	},
	"dependencies": {
		"typescript": {
			"version": "4.3.5",
			"resolved": "https://registry.npmjs.org/typescript/-/typescript-4.3.5.tgz",
			"integrity": "sha512-DqQgihaQ9cUrskJo9kIyW/+g0Vxsk8cDtZ52a3NGh0YNTfpUSArXSohyUGnvbPazEPLu398C0UxmKSOrPumUzA==",
			"dev": true
		}
	}
}
